
Microsoft Visual Studio Solution File, Format Version 12.00
# Visual Studio Version 17
VisualStudioVersion = 17.7.34031.279
MinimumVisualStudioVersion = 10.0.40219.1
Project("{FAE04EC0-301F-11D3-BF4B-00C04F79EFBC}") = "CLIENTECOM", "CLIENTECOM\CLIENTECOM.csproj", "{39869DDB-BBE3-4500-8080-82BB32CFCE7E}"
EndProject
Global
	GlobalSection(SolutionConfigurationPlatforms) = preSolution
		Debug|Any CPU = Debug|Any CPU
		Release|Any CPU = Release|Any CPU
	EndGlobalSection
	GlobalSection(ProjectConfigurationPlatforms) = postSolution
		{39869DDB-BBE3-4500-8080-82BB32CFCE7E}.Debug|Any CPU.ActiveCfg = Debug|Any CPU
		{39869DDB-BBE3-4500-8080-82BB32CFCE7E}.Debug|Any CPU.Build.0 = Debug|Any CPU
		{39869DDB-BBE3-4500-8080-82BB32CFCE7E}.Release|Any CPU.ActiveCfg = Release|Any CPU
		{39869DDB-BBE3-4500-8080-82BB32CFCE7E}.Release|Any CPU.Build.0 = Release|Any CPU
	EndGlobalSection
	GlobalSection(SolutionProperties) = preSolution
		HideSolutionNode = FALSE
	EndGlobalSection
	GlobalSection(ExtensibilityGlobals) = postSolution
		SolutionGuid = {90E69538-E0C4-4D82-A11C-6C9946F70B48}
	EndGlobalSection
EndGlobal
